
Microsoft Visual Studio Solution File, Format Version 12.00
# Visual Studio 14
VisualStudioVersion = 14.0.25420.1
MinimumVisualStudioVersion = 10.0.40219.1
Project("{8BB2217D-0F2D-49D1-97BC-3654ED321F3B}") = "Coolector.Services.Users", "Coolector.Services.Users\Coolector.Services.Users.xproj", "{CE760254-CA61-41E1-B797-C09FEA9125B5}"
EndProject
Project("{8BB2217D-0F2D-49D1-97BC-3654ED321F3B}") = "Coolector.Services.Users.Tests", "Coolector.Services.Users.Tests\Coolector.Services.Users.Tests.xproj", "{239F7042-14A3-49AB-AF02-F95C7E8813C6}"
EndProject
Project("{8BB2217D-0F2D-49D1-97BC-3654ED321F3B}") = "Coolector.Services.Users.Tests.EndToEnd", "Coolector.Services.Users.Tests.EndToEnd\Coolector.Services.Users.Tests.EndToEnd.xproj", "{25194463-2B50-4605-8E99-7E9476BD004A}"
EndProject
Project("{8BB2217D-0F2D-49D1-97BC-3654ED321F3B}") = "Coolector.Common", "..\Coolector.Common\Coolector.Common\Coolector.Common.xproj", "{BBB97E5E-7961-4D5C-8F7A-E8DE1E9612BB}"
EndProject
Project("{8BB2217D-0F2D-49D1-97BC-3654ED321F3B}") = "Coolector.Services.Users.Shared", "Coolector.Services.Users.Shared\Coolector.Services.Users.Shared.xproj", "{486A355E-6F1B-42B3-85FB-012767CB4FBB}"
EndProject
Global
	GlobalSection(SolutionConfigurationPlatforms) = preSolution
		Debug|Any CPU = Debug|Any CPU
		Dev|Any CPU = Dev|Any CPU
		Release|Any CPU = Release|Any CPU
	EndGlobalSection
	GlobalSection(ProjectConfigurationPlatforms) = postSolution
		{CE760254-CA61-41E1-B797-C09FEA9125B5}.Debug|Any CPU.ActiveCfg = Debug|Any CPU
		{CE760254-CA61-41E1-B797-C09FEA9125B5}.Debug|Any CPU.Build.0 = Debug|Any CPU
		{CE760254-CA61-41E1-B797-C09FEA9125B5}.Dev|Any CPU.ActiveCfg = Debug|Any CPU
		{CE760254-CA61-41E1-B797-C09FEA9125B5}.Dev|Any CPU.Build.0 = Debug|Any CPU
		{CE760254-CA61-41E1-B797-C09FEA9125B5}.Release|Any CPU.ActiveCfg = Release|Any CPU
		{CE760254-CA61-41E1-B797-C09FEA9125B5}.Release|Any CPU.Build.0 = Release|Any CPU
		{239F7042-14A3-49AB-AF02-F95C7E8813C6}.Debug|Any CPU.ActiveCfg = Debug|Any CPU
		{239F7042-14A3-49AB-AF02-F95C7E8813C6}.Debug|Any CPU.Build.0 = Debug|Any CPU
		{239F7042-14A3-49AB-AF02-F95C7E8813C6}.Dev|Any CPU.ActiveCfg = Debug|Any CPU
		{239F7042-14A3-49AB-AF02-F95C7E8813C6}.Dev|Any CPU.Build.0 = Debug|Any CPU
		{239F7042-14A3-49AB-AF02-F95C7E8813C6}.Release|Any CPU.ActiveCfg = Release|Any CPU
		{239F7042-14A3-49AB-AF02-F95C7E8813C6}.Release|Any CPU.Build.0 = Release|Any CPU
		{25194463-2B50-4605-8E99-7E9476BD004A}.Debug|Any CPU.ActiveCfg = Debug|Any CPU
		{25194463-2B50-4605-8E99-7E9476BD004A}.Debug|Any CPU.Build.0 = Debug|Any CPU
		{25194463-2B50-4605-8E99-7E9476BD004A}.Dev|Any CPU.ActiveCfg = Debug|Any CPU
		{25194463-2B50-4605-8E99-7E9476BD004A}.Dev|Any CPU.Build.0 = Debug|Any CPU
		{25194463-2B50-4605-8E99-7E9476BD004A}.Release|Any CPU.ActiveCfg = Release|Any CPU
		{25194463-2B50-4605-8E99-7E9476BD004A}.Release|Any CPU.Build.0 = Release|Any CPU
		{BBB97E5E-7961-4D5C-8F7A-E8DE1E9612BB}.Debug|Any CPU.ActiveCfg = Debug|Any CPU
		{BBB97E5E-7961-4D5C-8F7A-E8DE1E9612BB}.Debug|Any CPU.Build.0 = Debug|Any CPU
		{BBB97E5E-7961-4D5C-8F7A-E8DE1E9612BB}.Dev|Any CPU.ActiveCfg = Debug|Any CPU
		{BBB97E5E-7961-4D5C-8F7A-E8DE1E9612BB}.Dev|Any CPU.Build.0 = Debug|Any CPU
		{BBB97E5E-7961-4D5C-8F7A-E8DE1E9612BB}.Release|Any CPU.ActiveCfg = Release|Any CPU
		{BBB97E5E-7961-4D5C-8F7A-E8DE1E9612BB}.Release|Any CPU.Build.0 = Release|Any CPU
		{486A355E-6F1B-42B3-85FB-012767CB4FBB}.Debug|Any CPU.ActiveCfg = Debug|Any CPU
		{486A355E-6F1B-42B3-85FB-012767CB4FBB}.Debug|Any CPU.Build.0 = Debug|Any CPU
		{486A355E-6F1B-42B3-85FB-012767CB4FBB}.Dev|Any CPU.ActiveCfg = Debug|Any CPU
		{486A355E-6F1B-42B3-85FB-012767CB4FBB}.Dev|Any CPU.Build.0 = Debug|Any CPU
		{486A355E-6F1B-42B3-85FB-012767CB4FBB}.Release|Any CPU.ActiveCfg = Release|Any CPU
		{486A355E-6F1B-42B3-85FB-012767CB4FBB}.Release|Any CPU.Build.0 = Release|Any CPU
	EndGlobalSection
	GlobalSection(SolutionProperties) = preSolution
		HideSolutionNode = FALSE
	EndGlobalSection
EndGlobal
